
Microsoft Visual Studio Solution File, Format Version 12.00
# Visual Studio 2013
VisualStudioVersion = 12.0.30501.0
MinimumVisualStudioVersion = 10.0.40219.1
Project("{FAE04EC0-301F-11D3-BF4B-00C04F79EFBC}") = "CTM_Client", "CTM_Client\CTM_Client.csproj", "{ADCDB626-F13C-4C00-89AA-3D43386DC4C4}"
EndProject
Global
	GlobalSection(SolutionConfigurationPlatforms) = preSolution
		Debug|Any CPU = Debug|Any CPU
		Release|Any CPU = Release|Any CPU
	EndGlobalSection
	GlobalSection(ProjectConfigurationPlatforms) = postSolution
		{ADCDB626-F13C-4C00-89AA-3D43386DC4C4}.Debug|Any CPU.ActiveCfg = Debug|Any CPU
		{ADCDB626-F13C-4C00-89AA-3D43386DC4C4}.Debug|Any CPU.Build.0 = Debug|Any CPU
		{ADCDB626-F13C-4C00-89AA-3D43386DC4C4}.Release|Any CPU.ActiveCfg = Release|Any CPU
		{ADCDB626-F13C-4C00-89AA-3D43386DC4C4}.Release|Any CPU.Build.0 = Release|Any CPU
	EndGlobalSection
	GlobalSection(SolutionProperties) = preSolution
		HideSolutionNode = FALSE
	EndGlobalSection
EndGlobal
